
Microsoft Visual Studio Solution File, Format Version 12.00
# Visual Studio 15
VisualStudioVersion = 15.0.26730.8
MinimumVisualStudioVersion = 10.0.40219.1
Project("{FAE04EC0-301F-11D3-BF4B-00C04F79EFBC}") = "Fogger", "Fogger\Fogger.csproj", "{6C69B4DB-BE62-44D9-A54E-278C7626166A}"
EndProject
Global
	GlobalSection(SolutionConfigurationPlatforms) = preSolution
		Debug|Any CPU = Debug|Any CPU
		Release|Any CPU = Release|Any CPU
	EndGlobalSection
	GlobalSection(ProjectConfigurationPlatforms) = postSolution
		{6C69B4DB-BE62-44D9-A54E-278C7626166A}.Debug|Any CPU.ActiveCfg = Debug|Any CPU
		{6C69B4DB-BE62-44D9-A54E-278C7626166A}.Debug|Any CPU.Build.0 = Debug|Any CPU
		{6C69B4DB-BE62-44D9-A54E-278C7626166A}.Release|Any CPU.ActiveCfg = Release|Any CPU
		{6C69B4DB-BE62-44D9-A54E-278C7626166A}.Release|Any CPU.Build.0 = Release|Any CPU
	EndGlobalSection
	GlobalSection(SolutionProperties) = preSolution
		HideSolutionNode = FALSE
	EndGlobalSection
	GlobalSection(ExtensibilityGlobals) = postSolution
		SolutionGuid = {9C1DE842-5ADD-45D1-A5F7-76FFC15E31C4}
	EndGlobalSection
EndGlobal
